
Microsoft Visual Studio Solution File, Format Version 12.00
# Visual Studio Version 17
VisualStudioVersion = 17.7.34024.191
MinimumVisualStudioVersion = 10.0.40219.1
Project("{FAE04EC0-301F-11D3-BF4B-00C04F79EFBC}") = "CHW3_3", "CHW3_3\CHW3_3.csproj", "{D825ABDF-A838-4B40-851A-4136E2FDC3C6}"
EndProject
Project("{FAE04EC0-301F-11D3-BF4B-00C04F79EFBC}") = "FileWorking", "FileWorking\FileWorking.csproj", "{A09450C8-FD8E-4AD7-8E14-E267DAE596F4}"
EndProject
Global
	GlobalSection(SolutionConfigurationPlatforms) = preSolution
		Debug|Any CPU = Debug|Any CPU
		Release|Any CPU = Release|Any CPU
	EndGlobalSection
	GlobalSection(ProjectConfigurationPlatforms) = postSolution
		{D825ABDF-A838-4B40-851A-4136E2FDC3C6}.Debug|Any CPU.ActiveCfg = Debug|Any CPU
		{D825ABDF-A838-4B40-851A-4136E2FDC3C6}.Debug|Any CPU.Build.0 = Debug|Any CPU
		{D825ABDF-A838-4B40-851A-4136E2FDC3C6}.Release|Any CPU.ActiveCfg = Release|Any CPU
		{D825ABDF-A838-4B40-851A-4136E2FDC3C6}.Release|Any CPU.Build.0 = Release|Any CPU
		{A09450C8-FD8E-4AD7-8E14-E267DAE596F4}.Debug|Any CPU.ActiveCfg = Debug|Any CPU
		{A09450C8-FD8E-4AD7-8E14-E267DAE596F4}.Debug|Any CPU.Build.0 = Debug|Any CPU
		{A09450C8-FD8E-4AD7-8E14-E267DAE596F4}.Release|Any CPU.ActiveCfg = Release|Any CPU
		{A09450C8-FD8E-4AD7-8E14-E267DAE596F4}.Release|Any CPU.Build.0 = Release|Any CPU
	EndGlobalSection
	GlobalSection(SolutionProperties) = preSolution
		HideSolutionNode = FALSE
	EndGlobalSection
	GlobalSection(ExtensibilityGlobals) = postSolution
		SolutionGuid = {2D8E8F7E-350D-4303-B053-83A53A41D44E}
	EndGlobalSection
EndGlobal
